
Microsoft Visual Studio Solution File, Format Version 12.00
# Visual Studio 14
VisualStudioVersion = 14.0.24720.0
MinimumVisualStudioVersion = 10.0.40219.1
Project("{FAE04EC0-301F-11D3-BF4B-00C04F79EFBC}") = "PingYourPackage.Domain", "PingYourPackage.Domain\PingYourPackage.Domain.csproj", "{583E88BD-BDC3-45D1-BF30-71380E77612C}"
EndProject
Project("{FAE04EC0-301F-11D3-BF4B-00C04F79EFBC}") = "PingYourPackage.API", "PingYourPackage.API\PingYourPackage.API.csproj", "{3E9E6147-2A5C-47C9-A4B8-E4CFC0A4BD55}"
EndProject
Project("{FAE04EC0-301F-11D3-BF4B-00C04F79EFBC}") = "PingYourPackage.API.Test", "PingYourPackage.API.Test\PingYourPackage.API.Test.csproj", "{7972669F-0A1A-4EBE-9D79-07AEFF1FB738}"
EndProject
Project("{FAE04EC0-301F-11D3-BF4B-00C04F79EFBC}") = "PingYourPackage.API.WebHost", "PingYourPackage.API.WebHost\PingYourPackage.API.WebHost.csproj", "{E5E7DD50-3225-45DD-B3C5-B3F2A616698A}"
EndProject
Global
	GlobalSection(SolutionConfigurationPlatforms) = preSolution
		Debug|Any CPU = Debug|Any CPU
		Release|Any CPU = Release|Any CPU
	EndGlobalSection
	GlobalSection(ProjectConfigurationPlatforms) = postSolution
		{583E88BD-BDC3-45D1-BF30-71380E77612C}.Debug|Any CPU.ActiveCfg = Debug|Any CPU
		{583E88BD-BDC3-45D1-BF30-71380E77612C}.Debug|Any CPU.Build.0 = Debug|Any CPU
		{583E88BD-BDC3-45D1-BF30-71380E77612C}.Release|Any CPU.ActiveCfg = Release|Any CPU
		{583E88BD-BDC3-45D1-BF30-71380E77612C}.Release|Any CPU.Build.0 = Release|Any CPU
		{3E9E6147-2A5C-47C9-A4B8-E4CFC0A4BD55}.Debug|Any CPU.ActiveCfg = Debug|Any CPU
		{3E9E6147-2A5C-47C9-A4B8-E4CFC0A4BD55}.Debug|Any CPU.Build.0 = Debug|Any CPU
		{3E9E6147-2A5C-47C9-A4B8-E4CFC0A4BD55}.Release|Any CPU.ActiveCfg = Release|Any CPU
		{3E9E6147-2A5C-47C9-A4B8-E4CFC0A4BD55}.Release|Any CPU.Build.0 = Release|Any CPU
		{7972669F-0A1A-4EBE-9D79-07AEFF1FB738}.Debug|Any CPU.ActiveCfg = Debug|Any CPU
		{7972669F-0A1A-4EBE-9D79-07AEFF1FB738}.Debug|Any CPU.Build.0 = Debug|Any CPU
		{7972669F-0A1A-4EBE-9D79-07AEFF1FB738}.Release|Any CPU.ActiveCfg = Release|Any CPU
		{7972669F-0A1A-4EBE-9D79-07AEFF1FB738}.Release|Any CPU.Build.0 = Release|Any CPU
		{E5E7DD50-3225-45DD-B3C5-B3F2A616698A}.Debug|Any CPU.ActiveCfg = Debug|Any CPU
		{E5E7DD50-3225-45DD-B3C5-B3F2A616698A}.Debug|Any CPU.Build.0 = Debug|Any CPU
		{E5E7DD50-3225-45DD-B3C5-B3F2A616698A}.Release|Any CPU.ActiveCfg = Release|Any CPU
		{E5E7DD50-3225-45DD-B3C5-B3F2A616698A}.Release|Any CPU.Build.0 = Release|Any CPU
	EndGlobalSection
	GlobalSection(SolutionProperties) = preSolution
		HideSolutionNode = FALSE
	EndGlobalSection
EndGlobal
